<?xml version="1.0" encoding="UTF-8"?>
<CodeBlocks_project_file>
	<FileVersion major="1" minor="6"/>
	<Project>
		<Option title="ECHAIM"/>
		<Option makefile_is_custom="1"/>
		<Option compiler="gcc"/>
		<Option virtualFolders="CMake Files\;CMake Files\..\;CMake Files\..\User\;"/>
		<Build>
			<Target title="all">
				<Option working_dir="/home/lap1dem/dev-python/echaim/Release_C-3.2.4/CMake"/>
				<Option type="4"/>
				<MakeCommands>
					<Build command="/usr/bin/make -f &quot;/home/lap1dem/dev-python/echaim/Release_C-3.2.4/CMake/Makefile&quot;  VERBOSE=1 all"/>
					<CompileFile command="/usr/bin/make -f &quot;/home/lap1dem/dev-python/echaim/Release_C-3.2.4/CMake/Makefile&quot;  VERBOSE=1 &quot;$file&quot;"/>
					<Clean command="/usr/bin/make -f &quot;/home/lap1dem/dev-python/echaim/Release_C-3.2.4/CMake/Makefile&quot;  VERBOSE=1 clean"/>
					<DistClean command="/usr/bin/make -f &quot;/home/lap1dem/dev-python/echaim/Release_C-3.2.4/CMake/Makefile&quot;  VERBOSE=1 clean"/>
				</MakeCommands>
			</Target>
			<Target title="ECHAIM">
				<Option output="/home/lap1dem/dev-python/echaim/Release_C-3.2.4/CMake/libECHAIM.so" prefix_auto="0" extension_auto="0"/>
				<Option working_dir="/home/lap1dem/dev-python/echaim/Release_C-3.2.4/CMake"/>
				<Option object_output="./"/>
				<Option type="3"/>
				<Option compiler="gcc"/>
				<Compiler>
					<Add directory="/home/lap1dem/dev-python/echaim/Release_C-3.2.4/CMake/../include"/>
				</Compiler>
				<MakeCommands>
					<Build command="/usr/bin/make -f &quot;/home/lap1dem/dev-python/echaim/Release_C-3.2.4/CMake/Makefile&quot;  VERBOSE=1 ECHAIM"/>
					<CompileFile command="/usr/bin/make -f &quot;/home/lap1dem/dev-python/echaim/Release_C-3.2.4/CMake/Makefile&quot;  VERBOSE=1 &quot;$file&quot;"/>
					<Clean command="/usr/bin/make -f &quot;/home/lap1dem/dev-python/echaim/Release_C-3.2.4/CMake/Makefile&quot;  VERBOSE=1 clean"/>
					<DistClean command="/usr/bin/make -f &quot;/home/lap1dem/dev-python/echaim/Release_C-3.2.4/CMake/Makefile&quot;  VERBOSE=1 clean"/>
				</MakeCommands>
			</Target>
			<Target title="ECHAIM/fast">
				<Option output="/home/lap1dem/dev-python/echaim/Release_C-3.2.4/CMake/libECHAIM.so" prefix_auto="0" extension_auto="0"/>
				<Option working_dir="/home/lap1dem/dev-python/echaim/Release_C-3.2.4/CMake"/>
				<Option object_output="./"/>
				<Option type="3"/>
				<Option compiler="gcc"/>
				<Compiler>
					<Add directory="/home/lap1dem/dev-python/echaim/Release_C-3.2.4/CMake/../include"/>
				</Compiler>
				<MakeCommands>
					<Build command="/usr/bin/make -f &quot;/home/lap1dem/dev-python/echaim/Release_C-3.2.4/CMake/Makefile&quot;  VERBOSE=1 ECHAIM/fast"/>
					<CompileFile command="/usr/bin/make -f &quot;/home/lap1dem/dev-python/echaim/Release_C-3.2.4/CMake/Makefile&quot;  VERBOSE=1 &quot;$file&quot;"/>
					<Clean command="/usr/bin/make -f &quot;/home/lap1dem/dev-python/echaim/Release_C-3.2.4/CMake/Makefile&quot;  VERBOSE=1 clean"/>
					<DistClean command="/usr/bin/make -f &quot;/home/lap1dem/dev-python/echaim/Release_C-3.2.4/CMake/Makefile&quot;  VERBOSE=1 clean"/>
				</MakeCommands>
			</Target>
			<Target title="ECHAIM_User">
				<Option output="/home/lap1dem/dev-python/echaim/Release_C-3.2.4/ECHAIM_User" prefix_auto="0" extension_auto="0"/>
				<Option working_dir="/home/lap1dem/dev-python/echaim/Release_C-3.2.4"/>
				<Option object_output="./"/>
				<Option type="1"/>
				<Option compiler="gcc"/>
				<Compiler>
					<Add directory="/home/lap1dem/dev-python/echaim/Release_C-3.2.4/CMake/../include"/>
				</Compiler>
				<MakeCommands>
					<Build command="/usr/bin/make -f &quot;/home/lap1dem/dev-python/echaim/Release_C-3.2.4/CMake/Makefile&quot;  VERBOSE=1 ECHAIM_User"/>
					<CompileFile command="/usr/bin/make -f &quot;/home/lap1dem/dev-python/echaim/Release_C-3.2.4/CMake/Makefile&quot;  VERBOSE=1 &quot;$file&quot;"/>
					<Clean command="/usr/bin/make -f &quot;/home/lap1dem/dev-python/echaim/Release_C-3.2.4/CMake/Makefile&quot;  VERBOSE=1 clean"/>
					<DistClean command="/usr/bin/make -f &quot;/home/lap1dem/dev-python/echaim/Release_C-3.2.4/CMake/Makefile&quot;  VERBOSE=1 clean"/>
				</MakeCommands>
			</Target>
			<Target title="ECHAIM_User/fast">
				<Option output="/home/lap1dem/dev-python/echaim/Release_C-3.2.4/ECHAIM_User" prefix_auto="0" extension_auto="0"/>
				<Option working_dir="/home/lap1dem/dev-python/echaim/Release_C-3.2.4"/>
				<Option object_output="./"/>
				<Option type="1"/>
				<Option compiler="gcc"/>
				<Compiler>
					<Add directory="/home/lap1dem/dev-python/echaim/Release_C-3.2.4/CMake/../include"/>
				</Compiler>
				<MakeCommands>
					<Build command="/usr/bin/make -f &quot;/home/lap1dem/dev-python/echaim/Release_C-3.2.4/CMake/Makefile&quot;  VERBOSE=1 ECHAIM_User/fast"/>
					<CompileFile command="/usr/bin/make -f &quot;/home/lap1dem/dev-python/echaim/Release_C-3.2.4/CMake/Makefile&quot;  VERBOSE=1 &quot;$file&quot;"/>
					<Clean command="/usr/bin/make -f &quot;/home/lap1dem/dev-python/echaim/Release_C-3.2.4/CMake/Makefile&quot;  VERBOSE=1 clean"/>
					<DistClean command="/usr/bin/make -f &quot;/home/lap1dem/dev-python/echaim/Release_C-3.2.4/CMake/Makefile&quot;  VERBOSE=1 clean"/>
				</MakeCommands>
			</Target>
			<Target title="edit_cache">
				<Option working_dir="/home/lap1dem/dev-python/echaim/Release_C-3.2.4/CMake"/>
				<Option type="4"/>
				<MakeCommands>
					<Build command="/usr/bin/make -f &quot;/home/lap1dem/dev-python/echaim/Release_C-3.2.4/CMake/Makefile&quot;  VERBOSE=1 edit_cache"/>
					<CompileFile command="/usr/bin/make -f &quot;/home/lap1dem/dev-python/echaim/Release_C-3.2.4/CMake/Makefile&quot;  VERBOSE=1 &quot;$file&quot;"/>
					<Clean command="/usr/bin/make -f &quot;/home/lap1dem/dev-python/echaim/Release_C-3.2.4/CMake/Makefile&quot;  VERBOSE=1 clean"/>
					<DistClean command="/usr/bin/make -f &quot;/home/lap1dem/dev-python/echaim/Release_C-3.2.4/CMake/Makefile&quot;  VERBOSE=1 clean"/>
				</MakeCommands>
			</Target>
			<Target title="rebuild_cache">
				<Option working_dir="/home/lap1dem/dev-python/echaim/Release_C-3.2.4/CMake"/>
				<Option type="4"/>
				<MakeCommands>
					<Build command="/usr/bin/make -f &quot;/home/lap1dem/dev-python/echaim/Release_C-3.2.4/CMake/Makefile&quot;  VERBOSE=1 rebuild_cache"/>
					<CompileFile command="/usr/bin/make -f &quot;/home/lap1dem/dev-python/echaim/Release_C-3.2.4/CMake/Makefile&quot;  VERBOSE=1 &quot;$file&quot;"/>
					<Clean command="/usr/bin/make -f &quot;/home/lap1dem/dev-python/echaim/Release_C-3.2.4/CMake/Makefile&quot;  VERBOSE=1 clean"/>
					<DistClean command="/usr/bin/make -f &quot;/home/lap1dem/dev-python/echaim/Release_C-3.2.4/CMake/Makefile&quot;  VERBOSE=1 clean"/>
				</MakeCommands>
			</Target>
		</Build>
		<Unit filename="/home/lap1dem/dev-python/echaim/Release_C-3.2.4/lib/ECHAIM.c">
			<Option target="ECHAIM_User"/>
		</Unit>
		<Unit filename="/home/lap1dem/dev-python/echaim/Release_C-3.2.4/lib/ECHAIM.h">
			<Option target="ECHAIM_User"/>
		</Unit>
		<Unit filename="/home/lap1dem/dev-python/echaim/Release_C-3.2.4/lib/ECHAIMFIRI2018.c">
			<Option target="ECHAIM"/>
		</Unit>
		<Unit filename="/home/lap1dem/dev-python/echaim/Release_C-3.2.4/lib/ECHAIMFIRI2018.h">
			<Option target="ECHAIM"/>
		</Unit>
		<Unit filename="/home/lap1dem/dev-python/echaim/Release_C-3.2.4/lib/FIRITools.c">
			<Option target="ECHAIM"/>
		</Unit>
		<Unit filename="/home/lap1dem/dev-python/echaim/Release_C-3.2.4/lib/FIRITools.h">
			<Option target="ECHAIM"/>
		</Unit>
		<Unit filename="/home/lap1dem/dev-python/echaim/Release_C-3.2.4/lib/aacgmlib_v2.c">
			<Option target="ECHAIM"/>
		</Unit>
		<Unit filename="/home/lap1dem/dev-python/echaim/Release_C-3.2.4/lib/aacgmlib_v2.h">
			<Option target="ECHAIM"/>
		</Unit>
		<Unit filename="/home/lap1dem/dev-python/echaim/Release_C-3.2.4/lib/astalglib.c">
			<Option target="ECHAIM"/>
		</Unit>
		<Unit filename="/home/lap1dem/dev-python/echaim/Release_C-3.2.4/lib/calcBot.c">
			<Option target="ECHAIM"/>
		</Unit>
		<Unit filename="/home/lap1dem/dev-python/echaim/Release_C-3.2.4/lib/calcBot.h">
			<Option target="ECHAIM"/>
		</Unit>
		<Unit filename="/home/lap1dem/dev-python/echaim/Release_C-3.2.4/lib/calcHmF1.c">
			<Option target="ECHAIM"/>
		</Unit>
		<Unit filename="/home/lap1dem/dev-python/echaim/Release_C-3.2.4/lib/calcHmF1.h">
			<Option target="ECHAIM"/>
		</Unit>
		<Unit filename="/home/lap1dem/dev-python/echaim/Release_C-3.2.4/lib/calcMF2.c">
			<Option target="ECHAIM"/>
		</Unit>
		<Unit filename="/home/lap1dem/dev-python/echaim/Release_C-3.2.4/lib/calcMF2.h">
			<Option target="ECHAIM"/>
		</Unit>
		<Unit filename="/home/lap1dem/dev-python/echaim/Release_C-3.2.4/lib/calcPert.c">
			<Option target="ECHAIM"/>
		</Unit>
		<Unit filename="/home/lap1dem/dev-python/echaim/Release_C-3.2.4/lib/calcPert.h">
			<Option target="ECHAIM"/>
		</Unit>
		<Unit filename="/home/lap1dem/dev-python/echaim/Release_C-3.2.4/lib/calcPrecip.c">
			<Option target="ECHAIM"/>
		</Unit>
		<Unit filename="/home/lap1dem/dev-python/echaim/Release_C-3.2.4/lib/calcPrecip.h">
			<Option target="ECHAIM"/>
		</Unit>
		<Unit filename="/home/lap1dem/dev-python/echaim/Release_C-3.2.4/lib/calcTop.c">
			<Option target="ECHAIM"/>
		</Unit>
		<Unit filename="/home/lap1dem/dev-python/echaim/Release_C-3.2.4/lib/calcTop.h">
			<Option target="ECHAIM"/>
		</Unit>
		<Unit filename="/home/lap1dem/dev-python/echaim/Release_C-3.2.4/lib/date.c">
			<Option target="ECHAIM"/>
		</Unit>
		<Unit filename="/home/lap1dem/dev-python/echaim/Release_C-3.2.4/lib/date.h">
			<Option target="ECHAIM"/>
		</Unit>
		<Unit filename="/home/lap1dem/dev-python/echaim/Release_C-3.2.4/lib/densityFunc.c">
			<Option target="ECHAIM"/>
		</Unit>
		<Unit filename="/home/lap1dem/dev-python/echaim/Release_C-3.2.4/lib/densityFunc.h">
			<Option target="ECHAIM"/>
		</Unit>
		<Unit filename="/home/lap1dem/dev-python/echaim/Release_C-3.2.4/lib/densityPath.c">
			<Option target="ECHAIM"/>
		</Unit>
		<Unit filename="/home/lap1dem/dev-python/echaim/Release_C-3.2.4/lib/densityProfile.c">
			<Option target="ECHAIM"/>
		</Unit>
		<Unit filename="/home/lap1dem/dev-python/echaim/Release_C-3.2.4/lib/energyFluxModel.c">
			<Option target="ECHAIM"/>
		</Unit>
		<Unit filename="/home/lap1dem/dev-python/echaim/Release_C-3.2.4/lib/energyFluxModel.h">
			<Option target="ECHAIM"/>
		</Unit>
		<Unit filename="/home/lap1dem/dev-python/echaim/Release_C-3.2.4/lib/energyFunctions.c">
			<Option target="ECHAIM"/>
		</Unit>
		<Unit filename="/home/lap1dem/dev-python/echaim/Release_C-3.2.4/lib/energyFunctions.h">
			<Option target="ECHAIM"/>
		</Unit>
		<Unit filename="/home/lap1dem/dev-python/echaim/Release_C-3.2.4/lib/errorCodes.c">
			<Option target="ECHAIM"/>
		</Unit>
		<Unit filename="/home/lap1dem/dev-python/echaim/Release_C-3.2.4/lib/errorCodes.h">
			<Option target="ECHAIM"/>
		</Unit>
		<Unit filename="/home/lap1dem/dev-python/echaim/Release_C-3.2.4/lib/genmag.c">
			<Option target="ECHAIM"/>
		</Unit>
		<Unit filename="/home/lap1dem/dev-python/echaim/Release_C-3.2.4/lib/genmag.h">
			<Option target="ECHAIM"/>
		</Unit>
		<Unit filename="/home/lap1dem/dev-python/echaim/Release_C-3.2.4/lib/getCoefs.c">
			<Option target="ECHAIM"/>
		</Unit>
		<Unit filename="/home/lap1dem/dev-python/echaim/Release_C-3.2.4/lib/getCoefs.h">
			<Option target="ECHAIM"/>
		</Unit>
		<Unit filename="/home/lap1dem/dev-python/echaim/Release_C-3.2.4/lib/getDir.c">
			<Option target="ECHAIM"/>
		</Unit>
		<Unit filename="/home/lap1dem/dev-python/echaim/Release_C-3.2.4/lib/getDir.h">
			<Option target="ECHAIM"/>
		</Unit>
		<Unit filename="/home/lap1dem/dev-python/echaim/Release_C-3.2.4/lib/getFIRI.c">
			<Option target="ECHAIM"/>
		</Unit>
		<Unit filename="/home/lap1dem/dev-python/echaim/Release_C-3.2.4/lib/getFIRI.h">
			<Option target="ECHAIM"/>
		</Unit>
		<Unit filename="/home/lap1dem/dev-python/echaim/Release_C-3.2.4/lib/getIndices.c">
			<Option target="ECHAIM"/>
		</Unit>
		<Unit filename="/home/lap1dem/dev-python/echaim/Release_C-3.2.4/lib/getIndices.h">
			<Option target="ECHAIM"/>
		</Unit>
		<Unit filename="/home/lap1dem/dev-python/echaim/Release_C-3.2.4/lib/getMagCoords.c">
			<Option target="ECHAIM"/>
		</Unit>
		<Unit filename="/home/lap1dem/dev-python/echaim/Release_C-3.2.4/lib/getMagCoords.h">
			<Option target="ECHAIM"/>
		</Unit>
		<Unit filename="/home/lap1dem/dev-python/echaim/Release_C-3.2.4/lib/getPrecipModel.c">
			<Option target="ECHAIM"/>
		</Unit>
		<Unit filename="/home/lap1dem/dev-python/echaim/Release_C-3.2.4/lib/getPrecipModel.h">
			<Option target="ECHAIM"/>
		</Unit>
		<Unit filename="/home/lap1dem/dev-python/echaim/Release_C-3.2.4/lib/igrflib.c">
			<Option target="ECHAIM"/>
		</Unit>
		<Unit filename="/home/lap1dem/dev-python/echaim/Release_C-3.2.4/lib/igrflib.h">
			<Option target="ECHAIM"/>
		</Unit>
		<Unit filename="/home/lap1dem/dev-python/echaim/Release_C-3.2.4/lib/mathlib.c">
			<Option target="ECHAIM"/>
		</Unit>
		<Unit filename="/home/lap1dem/dev-python/echaim/Release_C-3.2.4/lib/mathlib.h">
			<Option target="ECHAIM"/>
		</Unit>
		<Unit filename="/home/lap1dem/dev-python/echaim/Release_C-3.2.4/lib/maxIndices.c">
			<Option target="ECHAIM"/>
		</Unit>
		<Unit filename="/home/lap1dem/dev-python/echaim/Release_C-3.2.4/lib/maxIndices.h">
			<Option target="ECHAIM"/>
		</Unit>
		<Unit filename="/home/lap1dem/dev-python/echaim/Release_C-3.2.4/lib/mlt_v2.c">
			<Option target="ECHAIM"/>
		</Unit>
		<Unit filename="/home/lap1dem/dev-python/echaim/Release_C-3.2.4/lib/mlt_v2.h">
			<Option target="ECHAIM"/>
		</Unit>
		<Unit filename="/home/lap1dem/dev-python/echaim/Release_C-3.2.4/lib/nrlmsise-00_data.c">
			<Option target="ECHAIM"/>
		</Unit>
		<Unit filename="/home/lap1dem/dev-python/echaim/Release_C-3.2.4/lib/nrlmsise00.c">
			<Option target="ECHAIM"/>
		</Unit>
		<Unit filename="/home/lap1dem/dev-python/echaim/Release_C-3.2.4/lib/nrlmsise00.h">
			<Option target="ECHAIM"/>
		</Unit>
		<Unit filename="/home/lap1dem/dev-python/echaim/Release_C-3.2.4/lib/otherIndices.c">
			<Option target="ECHAIM"/>
		</Unit>
		<Unit filename="/home/lap1dem/dev-python/echaim/Release_C-3.2.4/lib/otherIndices.h">
			<Option target="ECHAIM"/>
		</Unit>
		<Unit filename="/home/lap1dem/dev-python/echaim/Release_C-3.2.4/lib/parameterAE.c">
			<Option target="ECHAIM"/>
		</Unit>
		<Unit filename="/home/lap1dem/dev-python/echaim/Release_C-3.2.4/lib/parameterAE.h">
			<Option target="ECHAIM"/>
		</Unit>
		<Unit filename="/home/lap1dem/dev-python/echaim/Release_C-3.2.4/lib/parameterBot.c">
			<Option target="ECHAIM"/>
		</Unit>
		<Unit filename="/home/lap1dem/dev-python/echaim/Release_C-3.2.4/lib/parameterBot.h">
			<Option target="ECHAIM"/>
		</Unit>
		<Unit filename="/home/lap1dem/dev-python/echaim/Release_C-3.2.4/lib/parameterHmF1.c">
			<Option target="ECHAIM"/>
		</Unit>
		<Unit filename="/home/lap1dem/dev-python/echaim/Release_C-3.2.4/lib/parameterHmF1.h">
			<Option target="ECHAIM"/>
		</Unit>
		<Unit filename="/home/lap1dem/dev-python/echaim/Release_C-3.2.4/lib/parameterHmF2.c">
			<Option target="ECHAIM"/>
		</Unit>
		<Unit filename="/home/lap1dem/dev-python/echaim/Release_C-3.2.4/lib/parameterHmF2.h">
			<Option target="ECHAIM"/>
		</Unit>
		<Unit filename="/home/lap1dem/dev-python/echaim/Release_C-3.2.4/lib/parameterNmF2.c">
			<Option target="ECHAIM"/>
		</Unit>
		<Unit filename="/home/lap1dem/dev-python/echaim/Release_C-3.2.4/lib/parameterNmF2.h">
			<Option target="ECHAIM"/>
		</Unit>
		<Unit filename="/home/lap1dem/dev-python/echaim/Release_C-3.2.4/lib/parameterPert.c">
			<Option target="ECHAIM"/>
		</Unit>
		<Unit filename="/home/lap1dem/dev-python/echaim/Release_C-3.2.4/lib/parameterPert.h">
			<Option target="ECHAIM"/>
		</Unit>
		<Unit filename="/home/lap1dem/dev-python/echaim/Release_C-3.2.4/lib/parameterTop.c">
			<Option target="ECHAIM"/>
		</Unit>
		<Unit filename="/home/lap1dem/dev-python/echaim/Release_C-3.2.4/lib/parameterTop.h">
			<Option target="ECHAIM"/>
		</Unit>
		<Unit filename="/home/lap1dem/dev-python/echaim/Release_C-3.2.4/lib/prepInd.c">
			<Option target="ECHAIM"/>
		</Unit>
		<Unit filename="/home/lap1dem/dev-python/echaim/Release_C-3.2.4/lib/prepInd.h">
			<Option target="ECHAIM"/>
		</Unit>
		<Unit filename="/home/lap1dem/dev-python/echaim/Release_C-3.2.4/lib/python_api.c">
			<Option target="ECHAIM"/>
		</Unit>
		<Unit filename="/home/lap1dem/dev-python/echaim/Release_C-3.2.4/lib/rtime.c">
			<Option target="ECHAIM"/>
		</Unit>
		<Unit filename="/home/lap1dem/dev-python/echaim/Release_C-3.2.4/lib/rtime.h">
			<Option target="ECHAIM"/>
		</Unit>
		<Unit filename="/home/lap1dem/dev-python/echaim/Release_C-3.2.4/lib/runNRLMSISE.c">
			<Option target="ECHAIM"/>
		</Unit>
		<Unit filename="/home/lap1dem/dev-python/echaim/Release_C-3.2.4/lib/runNRLMSISE.h">
			<Option target="ECHAIM"/>
		</Unit>
		<Unit filename="/home/lap1dem/dev-python/echaim/Release_C-3.2.4/lib/singleOutput.c">
			<Option target="ECHAIM"/>
		</Unit>
		<Unit filename="/home/lap1dem/dev-python/echaim/Release_C-3.2.4/lib/sqlite3.c">
			<Option target="ECHAIM"/>
		</Unit>
		<Unit filename="/home/lap1dem/dev-python/echaim/Release_C-3.2.4/lib/sqlite3.h">
			<Option target="ECHAIM"/>
		</Unit>
		<Unit filename="/home/lap1dem/dev-python/echaim/Release_C-3.2.4/lib/updateLocalDB.c">
			<Option target="ECHAIM"/>
		</Unit>
		<Unit filename="/home/lap1dem/dev-python/echaim/Release_C-3.2.4/CMake/CMakeLists.txt">
			<Option virtualFolder="CMake Files\"/>
		</Unit>
		<Unit filename="/home/lap1dem/dev-python/echaim/Release_C-3.2.4/CMake/../User/ECHAIM.c">
			<Option virtualFolder="CMake Files\..\User\"/>
		</Unit>
		<Unit filename="/home/lap1dem/dev-python/echaim/Release_C-3.2.4/CMake/../User/ECHAIMInputs.dat">
			<Option virtualFolder="CMake Files\..\User\"/>
		</Unit>
	</Project>
</CodeBlocks_project_file>
